// !$*UTF8*$!
{
	archiveVersion = 1;
	classes = {
	};
	objectVersion = 50;
	objects = {

/* Begin PBXBuildFile section */
		070DD41F24ADB7080007E084 /* AppDelegate.swift in Sources */ = {isa = PBXBuildFile; fileRef = 070DD41E24ADB7080007E084 /* AppDelegate.swift */; };
		070DD42124ADB7080007E084 /* SceneDelegate.swift in Sources */ = {isa = PBXBuildFile; fileRef = 070DD42024ADB7080007E084 /* SceneDelegate.swift */; };
		070DD42324ADB7080007E084 /* ViewController.swift in Sources */ = {isa = PBXBuildFile; fileRef = 070DD42224ADB7080007E084 /* ViewController.swift */; };
		070DD42624ADB7080007E084 /* Main.storyboard in Resources */ = {isa = PBXBuildFile; fileRef = 070DD42424ADB7080007E084 /* Main.storyboard */; };
		070DD42824ADB70B0007E084 /* Assets.xcassets in Resources */ = {isa = PBXBuildFile; fileRef = 070DD42724ADB70B0007E084 /* Assets.xcassets */; };
		070DD42B24ADB70B0007E084 /* LaunchScreen.storyboard in Resources */ = {isa = PBXBuildFile; fileRef = 070DD42924ADB70B0007E084 /* LaunchScreen.storyboard */; };
		070DD43824ADB8790007E084 /* libferris_says_hi.a in Frameworks */ = {isa = PBXBuildFile; fileRef = 070DD43724ADB8790007E084 /* libferris_says_hi.a */; };
/* End PBXBuildFile section */

/* Begin PBXFileReference section */
		070DD41B24ADB7080007E084 /* FerrisSaysHiApp.app */ = {isa = PBXFileReference; explicitFileType = wrapper.application; includeInIndex = 0; path = FerrisSaysHiApp.app; sourceTree = BUILT_PRODUCTS_DIR; };
		070DD41E24ADB7080007E084 /* AppDelegate.swift */ = {isa = PBXFileReference; lastKnownFileType = sourcecode.swift; path = AppDelegate.swift; sourceTree = "<group>"; };
		070DD42024ADB7080007E084 /* SceneDelegate.swift */ = {isa = PBXFileReference; lastKnownFileType = sourcecode.swift; path = SceneDelegate.swift; sourceTree = "<group>"; };
		070DD42224ADB7080007E084 /* ViewController.swift */ = {isa = PBXFileReference; lastKnownFileType = sourcecode.swift; path = ViewController.swift; sourceTree = "<group>"; };
		070DD42524ADB7080007E084 /* Base */ = {isa = PBXFileReference; lastKnownFileType = file.storyboard; name = Base; path = Base.lproj/Main.storyboard; sourceTree = "<group>"; };
		070DD42724ADB70B0007E084 /* Assets.xcassets */ = {isa = PBXFileReference; lastKnownFileType = folder.assetcatalog; path = Assets.xcassets; sourceTree = "<group>"; };
		070DD42A24ADB70B0007E084 /* Base */ = {isa = PBXFileReference; lastKnownFileType = file.storyboard; name = Base; path = Base.lproj/LaunchScreen.storyboard; sourceTree = "<group>"; };
		070DD42C24ADB70B0007E084 /* Info.plist */ = {isa = PBXFileReference; lastKnownFileType = text.plist.xml; path = Info.plist; sourceTree = "<group>"; };
		070DD43224ADB7880007E084 /* FerrisSaysHiApp-Bridging-Header.h */ = {isa = PBXFileReference; lastKnownFileType = sourcecode.c.h; path = "FerrisSaysHiApp-Bridging-Header.h"; sourceTree = "<group>"; };
		070DD43724ADB8790007E084 /* libferris_says_hi.a */ = {isa = PBXFileReference; lastKnownFileType = archive.ar; name = libferris_says_hi.a; path = ../../target/universal/release/libferris_says_hi.a; sourceTree = "<group>"; };
		070DD43924ADC3460007E084 /* ferris_says_hi.h */ = {isa = PBXFileReference; lastKnownFileType = sourcecode.c.h; name = ferris_says_hi.h; path = ../../../header/ferris_says_hi.h; sourceTree = "<group>"; };
/* End PBXFileReference section */

/* Begin PBXFrameworksBuildPhase section */
		070DD41824ADB7080007E084 /* Frameworks */ = {
			isa = PBXFrameworksBuildPhase;
			buildActionMask = 2147483647;
			files = (
				070DD43824ADB8790007E084 /* libferris_says_hi.a in Frameworks */,
			);
			runOnlyForDeploymentPostprocessing = 0;
		};
/* End PBXFrameworksBuildPhase section */

/* Begin PBXGroup section */
		070DD41224ADB7080007E084 = {
			isa = PBXGroup;
			children = (
				070DD41D24ADB7080007E084 /* FerrisSaysHiApp */,
				070DD41C24ADB7080007E084 /* Products */,
				070DD43624ADB8790007E084 /* Frameworks */,
			);
			sourceTree = "<group>";
		};
		070DD41C24ADB7080007E084 /* Products */ = {
			isa = PBXGroup;
			children = (
				070DD41B24ADB7080007E084 /* FerrisSaysHiApp.app */,
			);
			name = Products;
			sourceTree = "<group>";
		};
		070DD41D24ADB7080007E084 /* FerrisSaysHiApp */ = {
			isa = PBXGroup;
			children = (
				070DD41E24ADB7080007E084 /* AppDelegate.swift */,
				070DD42024ADB7080007E084 /* SceneDelegate.swift */,
				070DD42224ADB7080007E084 /* ViewController.swift */,
				070DD42424ADB7080007E084 /* Main.storyboard */,
				070DD42724ADB70B0007E084 /* Assets.xcassets */,
				070DD42924ADB70B0007E084 /* LaunchScreen.storyboard */,
				070DD42C24ADB70B0007E084 /* Info.plist */,
				070DD43224ADB7880007E084 /* FerrisSaysHiApp-Bridging-Header.h */,
				070DD43924ADC3460007E084 /* ferris_says_hi.h */,
			);
			path = FerrisSaysHiApp;
			sourceTree = "<group>";
		};
		070DD43624ADB8790007E084 /* Frameworks */ = {
			isa = PBXGroup;
			children = (
				070DD43724ADB8790007E084 /* libferris_says_hi.a */,
			);
			name = Frameworks;
			sourceTree = "<group>";
		};
/* End PBXGroup section */

/* Begin PBXNativeTarget section */
		070DD41A24ADB7080007E084 /* FerrisSaysHiApp */ = {
			isa = PBXNativeTarget;
			buildConfigurationList = 070DD42F24ADB70B0007E084 /* Build configuration list for PBXNativeTarget "FerrisSaysHiApp" */;
			buildPhases = (
				070DD41724ADB7080007E084 /* Sources */,
				070DD41824ADB7080007E084 /* Frameworks */,
				070DD41924ADB7080007E084 /* Resources */,
			);
			buildRules = (
			);
			dependencies = (
			);
			name = FerrisSaysHiApp;
			productName = FerrisSaysHiApp;
			productReference = 070DD41B24ADB7080007E084 /* FerrisSaysHiApp.app */;
			productType = "com.apple.product-type.application";
		};
/* End PBXNativeTarget section */

/* Begin PBXProject section */
		070DD41324ADB7080007E084 /* Project object */ = {
			isa = PBXProject;
			attributes = {
				LastSwiftUpdateCheck = 1150;
				LastUpgradeCheck = 1150;
				TargetAttributes = {
					070DD41A24ADB7080007E084 = {
						CreatedOnToolsVersion = 11.5;
						LastSwiftMigration = 1150;
					};
				};
			};
			buildConfigurationList = 070DD41624ADB7080007E084 /* Build configuration list for PBXProject "FerrisSaysHiApp" */;
			compatibilityVersion = "Xcode 9.3";
			developmentRegion = en;
			hasScannedForEncodings = 0;
			knownRegions = (
				en,
				Base,
			);
			mainGroup = 070DD41224ADB7080007E084;
			productRefGroup = 070DD41C24ADB7080007E084 /* Products */;
			projectDirPath = "";
			projectRoot = "";
			targets = (
				070DD41A24ADB7080007E084 /* FerrisSaysHiApp */,
			);
		};
/* End PBXProject section */

/* Begin PBXResourcesBuildPhase section */
		070DD41924ADB7080007E084 /* Resources */ = {
			isa = PBXResourcesBuildPhase;
			buildActionMask = 2147483647;
			files = (
				070DD42B24ADB70B0007E084 /* LaunchScreen.storyboard in Resources */,
				070DD42824ADB70B0007E084 /* Assets.xcassets in Resources */,
				070DD42624ADB7080007E084 /* Main.storyboard in Resources */,
			);
			runOnlyForDeploymentPostprocessing = 0;
		};
/* End PBXResourcesBuildPhase section */

/* Begin PBXSourcesBuildPhase section */
		070DD41724ADB7080007E084 /* Sources */ = {
			isa = PBXSourcesBuildPhase;
			buildActionMask = 2147483647;
			files = (
				070DD42324ADB7080007E084 /* ViewController.swift in Sources */,
				070DD41F24ADB7080007E084 /* AppDelegate.swift in Sources */,
				070DD42124ADB7080007E084 /* SceneDelegate.swift in Sources */,
			);
			runOnlyForDeploymentPostprocessing = 0;
		};
/* End PBXSourcesBuildPhase section */

/* Begin PBXVariantGroup section */
		070DD42424ADB7080007E084 /* Main.storyboard */ = {
			isa = PBXVariantGroup;
			children = (
				070DD42524ADB7080007E084 /* Base */,
			);
			name = Main.storyboard;
			sourceTree = "<group>";
		};
		070DD42924ADB70B0007E084 /* LaunchScreen.storyboard */ = {
			isa = PBXVariantGroup;
			children = (
				070DD42A24ADB70B0007E084 /* Base */,
			);
			name = LaunchScreen.storyboard;
			sourceTree = "<group>";
		};
/* End PBXVariantGroup section */

/* Begin XCBuildConfiguration section */
		070DD42D24ADB70B0007E084 /* Debug */ = {
			isa = XCBuildConfiguration;
			buildSettings = {
				ALWAYS_SEARCH_USER_PATHS = NO;
				CLANG_ANALYZER_NONNULL = YES;
				CLANG_ANALYZER_NUMBER_OBJECT_CONVERSION = YES_AGGRESSIVE;
				CLANG_CXX_LANGUAGE_STANDARD = "gnu++14";
				CLANG_CXX_LIBRARY = "libc++";
				CLANG_ENABLE_MODULES = YES;
				CLANG_ENABLE_OBJC_ARC = YES;
				CLANG_ENABLE_OBJC_WEAK = YES;
				CLANG_WARN_BLOCK_CAPTURE_AUTORELEASING = YES;
				CLANG_WARN_BOOL_CONVERSION = YES;
				CLANG_WARN_COMMA = YES;
				CLANG_WARN_CONSTANT_CONVERSION = YES;
				CLANG_WARN_DEPRECATED_OBJC_IMPLEMENTATIONS = YES;
				CLANG_WARN_DIRECT_OBJC_ISA_USAGE = YES_ERROR;
				CLANG_WARN_DOCUMENTATION_COMMENTS = YES;
				CLANG_WARN_EMPTY_BODY = YES;
				CLANG_WARN_ENUM_CONVERSION = YES;
				CLANG_WARN_INFINITE_RECURSION = YES;
				CLANG_WARN_INT_CONVERSION = YES;
				CLANG_WARN_NON_LITERAL_NULL_CONVERSION = YES;
				CLANG_WARN_OBJC_IMPLICIT_RETAIN_SELF = YES;
				CLANG_WARN_OBJC_LITERAL_CONVERSION = YES;
				CLANG_WARN_OBJC_ROOT_CLASS = YES_ERROR;
				CLANG_WARN_RANGE_LOOP_ANALYSIS = YES;
				CLANG_WARN_STRICT_PROTOTYPES = YES;
				CLANG_WARN_SUSPICIOUS_MOVE = YES;
				CLANG_WARN_UNGUARDED_AVAILABILITY = YES_AGGRESSIVE;
				CLANG_WARN_UNREACHABLE_CODE = YES;
				CLANG_WARN__DUPLICATE_METHOD_MATCH = YES;
				COPY_PHASE_STRIP = NO;
				DEBUG_INFORMATION_FORMAT = dwarf;
				ENABLE_STRICT_OBJC_MSGSEND = YES;
				ENABLE_TESTABILITY = YES;
				GCC_C_LANGUAGE_STANDARD = gnu11;
				GCC_DYNAMIC_NO_PIC = NO;
				GCC_NO_COMMON_BLOCKS = YES;
				GCC_OPTIMIZATION_LEVEL = 0;
				GCC_PREPROCESSOR_DEFINITIONS = (
					"DEBUG=1",
					"$(inherited)",
				);
				GCC_WARN_64_TO_32_BIT_CONVERSION = YES;
				GCC_WARN_ABOUT_RETURN_TYPE = YES_ERROR;
				GCC_WARN_UNDECLARED_SELECTOR = YES;
				GCC_WARN_UNINITIALIZED_AUTOS = YES_AGGRESSIVE;
				GCC_WARN_UNUSED_FUNCTION = YES;
				GCC_WARN_UNUSED_VARIABLE = YES;
				IPHONEOS_DEPLOYMENT_TARGET = 13.5;
				MTL_ENABLE_DEBUG_INFO = INCLUDE_SOURCE;
				MTL_FAST_MATH = YES;
				ONLY_ACTIVE_ARCH = YES;
				SDKROOT = iphoneos;
				SWIFT_ACTIVE_COMPILATION_CONDITIONS = DEBUG;
				SWIFT_OPTIMIZATION_LEVEL = "-Onone";
			};
			name = Debug;
		};
		070DD42E24ADB70B0007E084 /* Release */ = {
			isa = XCBuildConfiguration;
			buildSettings = {
				ALWAYS_SEARCH_USER_PATHS = NO;
				CLANG_ANALYZER_NONNULL = YES;
				CLANG_ANALYZER_NUMBER_OBJECT_CONVERSION = YES_AGGRESSIVE;
				CLANG_CXX_LANGUAGE_STANDARD = "gnu++14";
				CLANG_CXX_LIBRARY = "libc++";
				CLANG_ENABLE_MODULES = YES;
				CLANG_ENABLE_OBJC_ARC = YES;
				CLANG_ENABLE_OBJC_WEAK = YES;
				CLANG_WARN_BLOCK_CAPTURE_AUTORELEASING = YES;
				CLANG_WARN_BOOL_CONVERSION = YES;
				CLANG_WARN_COMMA = YES;
				CLANG_WARN_CONSTANT_CONVERSION = YES;
				CLANG_WARN_DEPRECATED_OBJC_IMPLEMENTATIONS = YES;
				CLANG_WARN_DIRECT_OBJC_ISA_USAGE = YES_ERROR;
				CLANG_WARN_DOCUMENTATION_COMMENTS = YES;
				CLANG_WARN_EMPTY_BODY = YES;
				CLANG_WARN_ENUM_CONVERSION = YES;
				CLANG_WARN_INFINITE_RECURSION = YES;
				CLANG_WARN_INT_CONVERSION = YES;
				CLANG_WARN_NON_LITERAL_NULL_CONVERSION = YES;
				CLANG_WARN_OBJC_IMPLICIT_RETAIN_SELF = YES;
				CLANG_WARN_OBJC_LITERAL_CONVERSION = YES;
				CLANG_WARN_OBJC_ROOT_CLASS = YES_ERROR;
				CLANG_WARN_RANGE_LOOP_ANALYSIS = YES;
				CLANG_WARN_STRICT_PROTOTYPES = YES;
				CLANG_WARN_SUSPICIOUS_MOVE = YES;
				CLANG_WARN_UNGUARDED_AVAILABILITY = YES_AGGRESSIVE;
				CLANG_WARN_UNREACHABLE_CODE = YES;
				CLANG_WARN__DUPLICATE_METHOD_MATCH = YES;
				COPY_PHASE_STRIP = NO;
				DEBUG_INFORMATION_FORMAT = "dwarf-with-dsym";
				ENABLE_NS_ASSERTIONS = NO;
				ENABLE_STRICT_OBJC_MSGSEND = YES;
				GCC_C_LANGUAGE_STANDARD = gnu11;
				GCC_NO_COMMON_BLOCKS = YES;
				GCC_WARN_64_TO_32_BIT_CONVERSION = YES;
				GCC_WARN_ABOUT_RETURN_TYPE = YES_ERROR;
				GCC_WARN_UNDECLARED_SELECTOR = YES;
				GCC_WARN_UNINITIALIZED_AUTOS = YES_AGGRESSIVE;
				GCC_WARN_UNUSED_FUNCTION = YES;
				GCC_WARN_UNUSED_VARIABLE = YES;
				IPHONEOS_DEPLOYMENT_TARGET = 13.5;
				MTL_ENABLE_DEBUG_INFO = NO;
				MTL_FAST_MATH = YES;
				SDKROOT = iphoneos;
				SWIFT_COMPILATION_MODE = wholemodule;
				SWIFT_OPTIMIZATION_LEVEL = "-O";
				VALIDATE_PRODUCT = YES;
			};
			name = Release;
		};
		070DD43024ADB70B0007E084 /* Debug */ = {
			isa = XCBuildConfiguration;
			buildSettings = {
				ASSETCATALOG_COMPILER_APPICON_NAME = AppIcon;
				CLANG_ENABLE_MODULES = YES;
				CODE_SIGN_STYLE = Automatic;
				INFOPLIST_FILE = FerrisSaysHiApp/Info.plist;
				LD_RUNPATH_SEARCH_PATHS = (
					"$(inherited)",
					"@executable_path/Frameworks",
				);
				LIBRARY_SEARCH_PATHS = ../../target/universal/release/;
				PRODUCT_BUNDLE_IDENTIFIER = com.examples.FerrisSaysHiApp;
				PRODUCT_NAME = "$(TARGET_NAME)";
				SWIFT_OBJC_BRIDGING_HEADER = "FerrisSaysHiApp/FerrisSaysHiApp-Bridging-Header.h";
				SWIFT_OPTIMIZATION_LEVEL = "-Onone";
				SWIFT_VERSION = 5.0;
				TARGETED_DEVICE_FAMILY = "1,2";
			};
			name = Debug;
		};
		070DD43124ADB70B0007E084 /* Release */ = {
			isa = XCBuildConfiguration;
			buildSettings = {
				ASSETCATALOG_COMPILER_APPICON_NAME = AppIcon;
				CLANG_ENABLE_MODULES = YES;
				CODE_SIGN_STYLE = Automatic;
				INFOPLIST_FILE = FerrisSaysHiApp/Info.plist;
				LD_RUNPATH_SEARCH_PATHS = (
					"$(inherited)",
					"@executable_path/Frameworks",
				);
				LIBRARY_SEARCH_PATHS = ../../target/universal/release/;
				PRODUCT_BUNDLE_IDENTIFIER = com.examples.FerrisSaysHiApp;
				PRODUCT_NAME = "$(TARGET_NAME)";
				SWIFT_OBJC_BRIDGING_HEADER = "FerrisSaysHiApp/FerrisSaysHiApp-Bridging-Header.h";
				SWIFT_VERSION = 5.0;
				TARGETED_DEVICE_FAMILY = "1,2";
			};
			name = Release;
		};
/* End XCBuildConfiguration section */

/* Begin XCConfigurationList section */
		070DD41624ADB7080007E084 /* Build configuration list for PBXProject "FerrisSaysHiApp" */ = {
			isa = XCConfigurationList;
			buildConfigurations = (
				070DD42D24ADB70B0007E084 /* Debug */,
				070DD42E24ADB70B0007E084 /* Release */,
			);
			defaultConfigurationIsVisible = 0;
			defaultConfigurationName = Release;
		};
		070DD42F24ADB70B0007E084 /* Build configuration list for PBXNativeTarget "FerrisSaysHiApp" */ = {
			isa = XCConfigurationList;
			buildConfigurations = (
				070DD43024ADB70B0007E084 /* Debug */,
				070DD43124ADB70B0007E084 /* Release */,
			);
			defaultConfigurationIsVisible = 0;
			defaultConfigurationName = Release;
		};
/* End XCConfigurationList section */
	};
	rootObject = 070DD41324ADB7080007E084 /* Project object */;
}
